
Microsoft Visual Studio Solution File, Format Version 12.00
# Visual Studio Version 17
VisualStudioVersion = 17.4.33403.182
MinimumVisualStudioVersion = 10.0.40219.1
Project("{FAE04EC0-301F-11D3-BF4B-00C04F79EFBC}") = "4.2 Ereditarietà Prodotti", "4.2 Ereditarietà Prodotti\4.2 Ereditarietà Prodotti.csproj", "{44D36323-895D-4B5E-8256-CA2EFFFCB813}"
EndProject
Global
	GlobalSection(SolutionConfigurationPlatforms) = preSolution
		Debug|Any CPU = Debug|Any CPU
		Release|Any CPU = Release|Any CPU
	EndGlobalSection
	GlobalSection(ProjectConfigurationPlatforms) = postSolution
		{44D36323-895D-4B5E-8256-CA2EFFFCB813}.Debug|Any CPU.ActiveCfg = Debug|Any CPU
		{44D36323-895D-4B5E-8256-CA2EFFFCB813}.Debug|Any CPU.Build.0 = Debug|Any CPU
		{44D36323-895D-4B5E-8256-CA2EFFFCB813}.Release|Any CPU.ActiveCfg = Release|Any CPU
		{44D36323-895D-4B5E-8256-CA2EFFFCB813}.Release|Any CPU.Build.0 = Release|Any CPU
	EndGlobalSection
	GlobalSection(SolutionProperties) = preSolution
		HideSolutionNode = FALSE
	EndGlobalSection
	GlobalSection(ExtensibilityGlobals) = postSolution
		SolutionGuid = {340FD04C-EDA6-47A3-B213-6C6BA4E63E74}
	EndGlobalSection
EndGlobal
